// !$*UTF8*$!
{
	archiveVersion = 1;
	classes = {
	};
	objectVersion = 77;
	objects = {

/* Begin PBXContainerItemProxy section */
		FE0A9DCA2DA607AB0027A354 /* PBXContainerItemProxy */ = {
			isa = PBXContainerItemProxy;
			containerPortal = FE0A9DAB2DA607A90027A354 /* Project object */;
			proxyType = 1;
			remoteGlobalIDString = FE0A9DB22DA607A90027A354;
			remoteInfo = Profile;
		};
		FE0A9DD42DA607AB0027A354 /* PBXContainerItemProxy */ = {
			isa = PBXContainerItemProxy;
			containerPortal = FE0A9DAB2DA607A90027A354 /* Project object */;
			proxyType = 1;
			remoteGlobalIDString = FE0A9DB22DA607A90027A354;
			remoteInfo = Profile;
		};
/* End PBXContainerItemProxy section */

/* Begin PBXFileReference section */
		FE0A9DB32DA607A90027A354 /* Profile.app */ = {isa = PBXFileReference; explicitFileType = wrapper.application; includeInIndex = 0; path = Profile.app; sourceTree = BUILT_PRODUCTS_DIR; };
		FE0A9DC92DA607AB0027A354 /* ProfileTests.xctest */ = {isa = PBXFileReference; explicitFileType = wrapper.cfbundle; includeInIndex = 0; path = ProfileTests.xctest; sourceTree = BUILT_PRODUCTS_DIR; };
		FE0A9DD32DA607AB0027A354 /* ProfileUITests.xctest */ = {isa = PBXFileReference; explicitFileType = wrapper.cfbundle; includeInIndex = 0; path = ProfileUITests.xctest; sourceTree = BUILT_PRODUCTS_DIR; };
/* End PBXFileReference section */

/* Begin PBXFileSystemSynchronizedBuildFileExceptionSet section */
		FE0A9DDB2DA607AB0027A354 /* Exceptions for "Profile" folder in "Profile" target */ = {
			isa = PBXFileSystemSynchronizedBuildFileExceptionSet;
			membershipExceptions = (
				Info.plist,
			);
			target = FE0A9DB22DA607A90027A354 /* Profile */;
		};
/* End PBXFileSystemSynchronizedBuildFileExceptionSet section */

/* Begin PBXFileSystemSynchronizedRootGroup section */
		FE0A9DB52DA607A90027A354 /* Profile */ = {
			isa = PBXFileSystemSynchronizedRootGroup;
			exceptions = (
				FE0A9DDB2DA607AB0027A354 /* Exceptions for "Profile" folder in "Profile" target */,
			);
			path = Profile;
			sourceTree = "<group>";
		};
		FE0A9DCC2DA607AB0027A354 /* ProfileTests */ = {
			isa = PBXFileSystemSynchronizedRootGroup;
			path = ProfileTests;
			sourceTree = "<group>";
		};
		FE0A9DD62DA607AB0027A354 /* ProfileUITests */ = {
			isa = PBXFileSystemSynchronizedRootGroup;
			path = ProfileUITests;
			sourceTree = "<group>";
		};
/* End PBXFileSystemSynchronizedRootGroup section */

/* Begin PBXFrameworksBuildPhase section */
		FE0A9DB02DA607A90027A354 /* Frameworks */ = {
			isa = PBXFrameworksBuildPhase;
			buildActionMask = 2147483647;
			files = (
			);
			runOnlyForDeploymentPostprocessing = 0;
		};
		FE0A9DC62DA607AB0027A354 /* Frameworks */ = {
			isa = PBXFrameworksBuildPhase;
			buildActionMask = 2147483647;
			files = (
			);
			runOnlyForDeploymentPostprocessing = 0;
		};
		FE0A9DD02DA607AB0027A354 /* Frameworks */ = {
			isa = PBXFrameworksBuildPhase;
			buildActionMask = 2147483647;
			files = (
			);
			runOnlyForDeploymentPostprocessing = 0;
		};
/* End PBXFrameworksBuildPhase section */

/* Begin PBXGroup section */
		FE0A9DAA2DA607A90027A354 = {
			isa = PBXGroup;
			children = (
				FE0A9DB52DA607A90027A354 /* Profile */,
				FE0A9DCC2DA607AB0027A354 /* ProfileTests */,
				FE0A9DD62DA607AB0027A354 /* ProfileUITests */,
				FE0A9DB42DA607A90027A354 /* Products */,
			);
			sourceTree = "<group>";
		};
		FE0A9DB42DA607A90027A354 /* Products */ = {
			isa = PBXGroup;
			children = (
				FE0A9DB32DA607A90027A354 /* Profile.app */,
				FE0A9DC92DA607AB0027A354 /* ProfileTests.xctest */,
				FE0A9DD32DA607AB0027A354 /* ProfileUITests.xctest */,
			);
			name = Products;
			sourceTree = "<group>";
		};
/* End PBXGroup section */

/* Begin PBXNativeTarget section */
		FE0A9DB22DA607A90027A354 /* Profile */ = {
			isa = PBXNativeTarget;
			buildConfigurationList = FE0A9DDC2DA607AB0027A354 /* Build configuration list for PBXNativeTarget "Profile" */;
			buildPhases = (
				FE0A9DAF2DA607A90027A354 /* Sources */,
				FE0A9DB02DA607A90027A354 /* Frameworks */,
				FE0A9DB12DA607A90027A354 /* Resources */,
			);
			buildRules = (
			);
			dependencies = (
			);
			fileSystemSynchronizedGroups = (
				FE0A9DB52DA607A90027A354 /* Profile */,
			);
			name = Profile;
			packageProductDependencies = (
			);
			productName = Profile;
			productReference = FE0A9DB32DA607A90027A354 /* Profile.app */;
			productType = "com.apple.product-type.application";
		};
		FE0A9DC82DA607AB0027A354 /* ProfileTests */ = {
			isa = PBXNativeTarget;
			buildConfigurationList = FE0A9DE12DA607AB0027A354 /* Build configuration list for PBXNativeTarget "ProfileTests" */;
			buildPhases = (
				FE0A9DC52DA607AB0027A354 /* Sources */,
				FE0A9DC62DA607AB0027A354 /* Frameworks */,
				FE0A9DC72DA607AB0027A354 /* Resources */,
			);
			buildRules = (
			);
			dependencies = (
				FE0A9DCB2DA607AB0027A354 /* PBXTargetDependency */,
			);
			fileSystemSynchronizedGroups = (
				FE0A9DCC2DA607AB0027A354 /* ProfileTests */,
			);
			name = ProfileTests;
			packageProductDependencies = (
			);
			productName = ProfileTests;
			productReference = FE0A9DC92DA607AB0027A354 /* ProfileTests.xctest */;
			productType = "com.apple.product-type.bundle.unit-test";
		};
		FE0A9DD22DA607AB0027A354 /* ProfileUITests */ = {
			isa = PBXNativeTarget;
			buildConfigurationList = FE0A9DE42DA607AB0027A354 /* Build configuration list for PBXNativeTarget "ProfileUITests" */;
			buildPhases = (
				FE0A9DCF2DA607AB0027A354 /* Sources */,
				FE0A9DD02DA607AB0027A354 /* Frameworks */,
				FE0A9DD12DA607AB0027A354 /* Resources */,
			);
			buildRules = (
			);
			dependencies = (
				FE0A9DD52DA607AB0027A354 /* PBXTargetDependency */,
			);
			fileSystemSynchronizedGroups = (
				FE0A9DD62DA607AB0027A354 /* ProfileUITests */,
			);
			name = ProfileUITests;
			packageProductDependencies = (
			);
			productName = ProfileUITests;
			productReference = FE0A9DD32DA607AB0027A354 /* ProfileUITests.xctest */;
			productType = "com.apple.product-type.bundle.ui-testing";
		};
/* End PBXNativeTarget section */

/* Begin PBXProject section */
		FE0A9DAB2DA607A90027A354 /* Project object */ = {
			isa = PBXProject;
			attributes = {
				BuildIndependentTargetsInParallel = 1;
				LastSwiftUpdateCheck = 1630;
				LastUpgradeCheck = 1630;
				TargetAttributes = {
					FE0A9DB22DA607A90027A354 = {
						CreatedOnToolsVersion = 16.3;
					};
					FE0A9DC82DA607AB0027A354 = {
						CreatedOnToolsVersion = 16.3;
						TestTargetID = FE0A9DB22DA607A90027A354;
					};
					FE0A9DD22DA607AB0027A354 = {
						CreatedOnToolsVersion = 16.3;
						TestTargetID = FE0A9DB22DA607A90027A354;
					};
				};
			};
			buildConfigurationList = FE0A9DAE2DA607A90027A354 /* Build configuration list for PBXProject "Profile" */;
			developmentRegion = en;
			hasScannedForEncodings = 0;
			knownRegions = (
				en,
				Base,
			);
			mainGroup = FE0A9DAA2DA607A90027A354;
			minimizedProjectReferenceProxies = 1;
			preferredProjectObjectVersion = 77;
			productRefGroup = FE0A9DB42DA607A90027A354 /* Products */;
			projectDirPath = "";
			projectRoot = "";
			targets = (
				FE0A9DB22DA607A90027A354 /* Profile */,
				FE0A9DC82DA607AB0027A354 /* ProfileTests */,
				FE0A9DD22DA607AB0027A354 /* ProfileUITests */,
			);
		};
/* End PBXProject section */

/* Begin PBXResourcesBuildPhase section */
		FE0A9DB12DA607A90027A354 /* Resources */ = {
			isa = PBXResourcesBuildPhase;
			buildActionMask = 2147483647;
			files = (
			);
			runOnlyForDeploymentPostprocessing = 0;
		};
		FE0A9DC72DA607AB0027A354 /* Resources */ = {
			isa = PBXResourcesBuildPhase;
			buildActionMask = 2147483647;
			files = (
			);
			runOnlyForDeploymentPostprocessing = 0;
		};
		FE0A9DD12DA607AB0027A354 /* Resources */ = {
			isa = PBXResourcesBuildPhase;
			buildActionMask = 2147483647;
			files = (
			);
			runOnlyForDeploymentPostprocessing = 0;
		};
/* End PBXResourcesBuildPhase section */

/* Begin PBXSourcesBuildPhase section */
		FE0A9DAF2DA607A90027A354 /* Sources */ = {
			isa = PBXSourcesBuildPhase;
			buildActionMask = 2147483647;
			files = (
			);
			runOnlyForDeploymentPostprocessing = 0;
		};
		FE0A9DC52DA607AB0027A354 /* Sources */ = {
			isa = PBXSourcesBuildPhase;
			buildActionMask = 2147483647;
			files = (
			);
			runOnlyForDeploymentPostprocessing = 0;
		};
		FE0A9DCF2DA607AB0027A354 /* Sources */ = {
			isa = PBXSourcesBuildPhase;
			buildActionMask = 2147483647;
			files = (
			);
			runOnlyForDeploymentPostprocessing = 0;
		};
/* End PBXSourcesBuildPhase section */

/* Begin PBXTargetDependency section */
		FE0A9DCB2DA607AB0027A354 /* PBXTargetDependency */ = {
			isa = PBXTargetDependency;
			target = FE0A9DB22DA607A90027A354 /* Profile */;
			targetProxy = FE0A9DCA2DA607AB0027A354 /* PBXContainerItemProxy */;
		};
		FE0A9DD52DA607AB0027A354 /* PBXTargetDependency */ = {
			isa = PBXTargetDependency;
			target = FE0A9DB22DA607A90027A354 /* Profile */;
			targetProxy = FE0A9DD42DA607AB0027A354 /* PBXContainerItemProxy */;
		};
/* End PBXTargetDependency section */

/* Begin XCBuildConfiguration section */
		FE0A9DDD2DA607AB0027A354 /* Debug */ = {
			isa = XCBuildConfiguration;
			buildSettings = {
				ASSETCATALOG_COMPILER_APPICON_NAME = AppIcon;
				ASSETCATALOG_COMPILER_GLOBAL_ACCENT_COLOR_NAME = AccentColor;
				CODE_SIGN_STYLE = Automatic;
				CURRENT_PROJECT_VERSION = 1;
				DEVELOPMENT_TEAM = WS3BK2UAV4;
				GENERATE_INFOPLIST_FILE = YES;
				INFOPLIST_FILE = Profile/Info.plist;
				INFOPLIST_KEY_UIApplicationSupportsIndirectInputEvents = YES;
				INFOPLIST_KEY_UILaunchStoryboardName = LaunchScreen;
				INFOPLIST_KEY_UIMainStoryboardFile = Main;
				INFOPLIST_KEY_UISupportedInterfaceOrientations_iPad = "UIInterfaceOrientationPortrait UIInterfaceOrientationPortraitUpsideDown UIInterfaceOrientationLandscapeLeft UIInterfaceOrientationLandscapeRight";
				INFOPLIST_KEY_UISupportedInterfaceOrientations_iPhone = "UIInterfaceOrientationPortrait UIInterfaceOrientationLandscapeLeft UIInterfaceOrientationLandscapeRight";
				LD_RUNPATH_SEARCH_PATHS = (
					"$(inherited)",
					"@executable_path/Frameworks",
				);
				MARKETING_VERSION = 1.0;
				PRODUCT_BUNDLE_IDENTIFIER = minhbui.Profile;
				PRODUCT_NAME = "$(TARGET_NAME)";
				SWIFT_EMIT_LOC_STRINGS = YES;
				SWIFT_VERSION = 5.0;
				TARGETED_DEVICE_FAMILY = "1,2";
			};
			name = Debug;
		};
		FE0A9DDE2DA607AB0027A354 /* Release */ = {
			isa = XCBuildConfiguration;
			buildSettings = {
				ASSETCATALOG_COMPILER_APPICON_NAME = AppIcon;
				ASSETCATALOG_COMPILER_GLOBAL_ACCENT_COLOR_NAME = AccentColor;
				CODE_SIGN_STYLE = Automatic;
				CURRENT_PROJECT_VERSION = 1;
				DEVELOPMENT_TEAM = WS3BK2UAV4;
				GENERATE_INFOPLIST_FILE = YES;
				INFOPLIST_FILE = Profile/Info.plist;
				INFOPLIST_KEY_UIApplicationSupportsIndirectInputEvents = YES;
				INFOPLIST_KEY_UILaunchStoryboardName = LaunchScreen;
				INFOPLIST_KEY_UIMainStoryboardFile = Main;
				INFOPLIST_KEY_UISupportedInterfaceOrientations_iPad = "UIInterfaceOrientationPortrait UIInterfaceOrientationPortraitUpsideDown UIInterfaceOrientationLandscapeLeft UIInterfaceOrientationLandscapeRight";
				INFOPLIST_KEY_UISupportedInterfaceOrientations_iPhone = "UIInterfaceOrientationPortrait UIInterfaceOrientationLandscapeLeft UIInterfaceOrientationLandscapeRight";
				LD_RUNPATH_SEARCH_PATHS = (
					"$(inherited)",
					"@executable_path/Frameworks",
				);
				MARKETING_VERSION = 1.0;
				PRODUCT_BUNDLE_IDENTIFIER = minhbui.Profile;
				PRODUCT_NAME = "$(TARGET_NAME)";
				SWIFT_EMIT_LOC_STRINGS = YES;
				SWIFT_VERSION = 5.0;
				TARGETED_DEVICE_FAMILY = "1,2";
			};
			name = Release;
		};
		FE0A9DDF2DA607AB0027A354 /* Debug */ = {
			isa = XCBuildConfiguration;
			buildSettings = {
				ALWAYS_SEARCH_USER_PATHS = NO;
				ASSETCATALOG_COMPILER_GENERATE_SWIFT_ASSET_SYMBOL_EXTENSIONS = YES;
				CLANG_ANALYZER_NONNULL = YES;
				CLANG_ANALYZER_NUMBER_OBJECT_CONVERSION = YES_AGGRESSIVE;
				CLANG_CXX_LANGUAGE_STANDARD = "gnu++20";
				CLANG_ENABLE_MODULES = YES;
				CLANG_ENABLE_OBJC_ARC = YES;
				CLANG_ENABLE_OBJC_WEAK = YES;
				CLANG_WARN_BLOCK_CAPTURE_AUTORELEASING = YES;
				CLANG_WARN_BOOL_CONVERSION = YES;
				CLANG_WARN_COMMA = YES;
				CLANG_WARN_CONSTANT_CONVERSION = YES;
				CLANG_WARN_DEPRECATED_OBJC_IMPLEMENTATIONS = YES;
				CLANG_WARN_DIRECT_OBJC_ISA_USAGE = YES_ERROR;
				CLANG_WARN_DOCUMENTATION_COMMENTS = YES;
				CLANG_WARN_EMPTY_BODY = YES;
				CLANG_WARN_ENUM_CONVERSION = YES;
				CLANG_WARN_INFINITE_RECURSION = YES;
				CLANG_WARN_INT_CONVERSION = YES;
				CLANG_WARN_NON_LITERAL_NULL_CONVERSION = YES;
				CLANG_WARN_OBJC_IMPLICIT_RETAIN_SELF = YES;
				CLANG_WARN_OBJC_LITERAL_CONVERSION = YES;
				CLANG_WARN_OBJC_ROOT_CLASS = YES_ERROR;
				CLANG_WARN_QUOTED_INCLUDE_IN_FRAMEWORK_HEADER = YES;
				CLANG_WARN_RANGE_LOOP_ANALYSIS = YES;
				CLANG_WARN_STRICT_PROTOTYPES = YES;
				CLANG_WARN_SUSPICIOUS_MOVE = YES;
				CLANG_WARN_UNGUARDED_AVAILABILITY = YES_AGGRESSIVE;
				CLANG_WARN_UNREACHABLE_CODE = YES;
				CLANG_WARN__DUPLICATE_METHOD_MATCH = YES;
				COPY_PHASE_STRIP = NO;
				DEBUG_INFORMATION_FORMAT = dwarf;
				DEVELOPMENT_TEAM = WS3BK2UAV4;
				ENABLE_STRICT_OBJC_MSGSEND = YES;
				ENABLE_TESTABILITY = YES;
				ENABLE_USER_SCRIPT_SANDBOXING = YES;
				GCC_C_LANGUAGE_STANDARD = gnu17;
				GCC_DYNAMIC_NO_PIC = NO;
				GCC_NO_COMMON_BLOCKS = YES;
				GCC_OPTIMIZATION_LEVEL = 0;
				GCC_PREPROCESSOR_DEFINITIONS = (
					"DEBUG=1",
					"$(inherited)",
				);
				GCC_WARN_64_TO_32_BIT_CONVERSION = YES;
				GCC_WARN_ABOUT_RETURN_TYPE = YES_ERROR;
				GCC_WARN_UNDECLARED_SELECTOR = YES;
				GCC_WARN_UNINITIALIZED_AUTOS = YES_AGGRESSIVE;
				GCC_WARN_UNUSED_FUNCTION = YES;
				GCC_WARN_UNUSED_VARIABLE = YES;
				IPHONEOS_DEPLOYMENT_TARGET = 18.4;
				LOCALIZATION_PREFERS_STRING_CATALOGS = YES;
				MTL_ENABLE_DEBUG_INFO = INCLUDE_SOURCE;
				MTL_FAST_MATH = YES;
				ONLY_ACTIVE_ARCH = YES;
				SDKROOT = iphoneos;
				SWIFT_ACTIVE_COMPILATION_CONDITIONS = "DEBUG $(inherited)";
				SWIFT_OPTIMIZATION_LEVEL = "-Onone";
			};
			name = Debug;
		};
		FE0A9DE02DA607AB0027A354 /* Release */ = {
			isa = XCBuildConfiguration;
			buildSettings = {
				ALWAYS_SEARCH_USER_PATHS = NO;
				ASSETCATALOG_COMPILER_GENERATE_SWIFT_ASSET_SYMBOL_EXTENSIONS = YES;
				CLANG_ANALYZER_NONNULL = YES;
				CLANG_ANALYZER_NUMBER_OBJECT_CONVERSION = YES_AGGRESSIVE;
				CLANG_CXX_LANGUAGE_STANDARD = "gnu++20";
				CLANG_ENABLE_MODULES = YES;
				CLANG_ENABLE_OBJC_ARC = YES;
				CLANG_ENABLE_OBJC_WEAK = YES;
				CLANG_WARN_BLOCK_CAPTURE_AUTORELEASING = YES;
				CLANG_WARN_BOOL_CONVERSION = YES;
				CLANG_WARN_COMMA = YES;
				CLANG_WARN_CONSTANT_CONVERSION = YES;
				CLANG_WARN_DEPRECATED_OBJC_IMPLEMENTATIONS = YES;
				CLANG_WARN_DIRECT_OBJC_ISA_USAGE = YES_ERROR;
				CLANG_WARN_DOCUMENTATION_COMMENTS = YES;
				CLANG_WARN_EMPTY_BODY = YES;
				CLANG_WARN_ENUM_CONVERSION = YES;
				CLANG_WARN_INFINITE_RECURSION = YES;
				CLANG_WARN_INT_CONVERSION = YES;
				CLANG_WARN_NON_LITERAL_NULL_CONVERSION = YES;
				CLANG_WARN_OBJC_IMPLICIT_RETAIN_SELF = YES;
				CLANG_WARN_OBJC_LITERAL_CONVERSION = YES;
				CLANG_WARN_OBJC_ROOT_CLASS = YES_ERROR;
				CLANG_WARN_QUOTED_INCLUDE_IN_FRAMEWORK_HEADER = YES;
				CLANG_WARN_RANGE_LOOP_ANALYSIS = YES;
				CLANG_WARN_STRICT_PROTOTYPES = YES;
				CLANG_WARN_SUSPICIOUS_MOVE = YES;
				CLANG_WARN_UNGUARDED_AVAILABILITY = YES_AGGRESSIVE;
				CLANG_WARN_UNREACHABLE_CODE = YES;
				CLANG_WARN__DUPLICATE_METHOD_MATCH = YES;
				COPY_PHASE_STRIP = NO;
				DEBUG_INFORMATION_FORMAT = "dwarf-with-dsym";
				DEVELOPMENT_TEAM = WS3BK2UAV4;
				ENABLE_NS_ASSERTIONS = NO;
				ENABLE_STRICT_OBJC_MSGSEND = YES;
				ENABLE_USER_SCRIPT_SANDBOXING = YES;
				GCC_C_LANGUAGE_STANDARD = gnu17;
				GCC_NO_COMMON_BLOCKS = YES;
				GCC_WARN_64_TO_32_BIT_CONVERSION = YES;
				GCC_WARN_ABOUT_RETURN_TYPE = YES_ERROR;
				GCC_WARN_UNDECLARED_SELECTOR = YES;
				GCC_WARN_UNINITIALIZED_AUTOS = YES_AGGRESSIVE;
				GCC_WARN_UNUSED_FUNCTION = YES;
				GCC_WARN_UNUSED_VARIABLE = YES;
				IPHONEOS_DEPLOYMENT_TARGET = 18.4;
				LOCALIZATION_PREFERS_STRING_CATALOGS = YES;
				MTL_ENABLE_DEBUG_INFO = NO;
				MTL_FAST_MATH = YES;
				SDKROOT = iphoneos;
				SWIFT_COMPILATION_MODE = wholemodule;
				VALIDATE_PRODUCT = YES;
			};
			name = Release;
		};
		FE0A9DE22DA607AB0027A354 /* Debug */ = {
			isa = XCBuildConfiguration;
			buildSettings = {
				BUNDLE_LOADER = "$(TEST_HOST)";
				CODE_SIGN_STYLE = Automatic;
				CURRENT_PROJECT_VERSION = 1;
				DEVELOPMENT_TEAM = WS3BK2UAV4;
				GENERATE_INFOPLIST_FILE = YES;
				IPHONEOS_DEPLOYMENT_TARGET = 18.4;
				MARKETING_VERSION = 1.0;
				PRODUCT_BUNDLE_IDENTIFIER = minhbui.ProfileTests;
				PRODUCT_NAME = "$(TARGET_NAME)";
				SWIFT_EMIT_LOC_STRINGS = NO;
				SWIFT_VERSION = 5.0;
				TARGETED_DEVICE_FAMILY = "1,2";
				TEST_HOST = "$(BUILT_PRODUCTS_DIR)/Profile.app/$(BUNDLE_EXECUTABLE_FOLDER_PATH)/Profile";
			};
			name = Debug;
		};
		FE0A9DE32DA607AB0027A354 /* Release */ = {
			isa = XCBuildConfiguration;
			buildSettings = {
				BUNDLE_LOADER = "$(TEST_HOST)";
				CODE_SIGN_STYLE = Automatic;
				CURRENT_PROJECT_VERSION = 1;
				DEVELOPMENT_TEAM = WS3BK2UAV4;
				GENERATE_INFOPLIST_FILE = YES;
				IPHONEOS_DEPLOYMENT_TARGET = 18.4;
				MARKETING_VERSION = 1.0;
				PRODUCT_BUNDLE_IDENTIFIER = minhbui.ProfileTests;
				PRODUCT_NAME = "$(TARGET_NAME)";
				SWIFT_EMIT_LOC_STRINGS = NO;
				SWIFT_VERSION = 5.0;
				TARGETED_DEVICE_FAMILY = "1,2";
				TEST_HOST = "$(BUILT_PRODUCTS_DIR)/Profile.app/$(BUNDLE_EXECUTABLE_FOLDER_PATH)/Profile";
			};
			name = Release;
		};
		FE0A9DE52DA607AB0027A354 /* Debug */ = {
			isa = XCBuildConfiguration;
			buildSettings = {
				CODE_SIGN_STYLE = Automatic;
				CURRENT_PROJECT_VERSION = 1;
				DEVELOPMENT_TEAM = WS3BK2UAV4;
				GENERATE_INFOPLIST_FILE = YES;
				MARKETING_VERSION = 1.0;
				PRODUCT_BUNDLE_IDENTIFIER = minhbui.ProfileUITests;
				PRODUCT_NAME = "$(TARGET_NAME)";
				SWIFT_EMIT_LOC_STRINGS = NO;
				SWIFT_VERSION = 5.0;
				TARGETED_DEVICE_FAMILY = "1,2";
				TEST_TARGET_NAME = Profile;
			};
			name = Debug;
		};
		FE0A9DE62DA607AB0027A354 /* Release */ = {
			isa = XCBuildConfiguration;
			buildSettings = {
				CODE_SIGN_STYLE = Automatic;
				CURRENT_PROJECT_VERSION = 1;
				DEVELOPMENT_TEAM = WS3BK2UAV4;
				GENERATE_INFOPLIST_FILE = YES;
				MARKETING_VERSION = 1.0;
				PRODUCT_BUNDLE_IDENTIFIER = minhbui.ProfileUITests;
				PRODUCT_NAME = "$(TARGET_NAME)";
				SWIFT_EMIT_LOC_STRINGS = NO;
				SWIFT_VERSION = 5.0;
				TARGETED_DEVICE_FAMILY = "1,2";
				TEST_TARGET_NAME = Profile;
			};
			name = Release;
		};
/* End XCBuildConfiguration section */

/* Begin XCConfigurationList section */
		FE0A9DAE2DA607A90027A354 /* Build configuration list for PBXProject "Profile" */ = {
			isa = XCConfigurationList;
			buildConfigurations = (
				FE0A9DDF2DA607AB0027A354 /* Debug */,
				FE0A9DE02DA607AB0027A354 /* Release */,
			);
			defaultConfigurationIsVisible = 0;
			defaultConfigurationName = Release;
		};
		FE0A9DDC2DA607AB0027A354 /* Build configuration list for PBXNativeTarget "Profile" */ = {
			isa = XCConfigurationList;
			buildConfigurations = (
				FE0A9DDD2DA607AB0027A354 /* Debug */,
				FE0A9DDE2DA607AB0027A354 /* Release */,
			);
			defaultConfigurationIsVisible = 0;
			defaultConfigurationName = Release;
		};
		FE0A9DE12DA607AB0027A354 /* Build configuration list for PBXNativeTarget "ProfileTests" */ = {
			isa = XCConfigurationList;
			buildConfigurations = (
				FE0A9DE22DA607AB0027A354 /* Debug */,
				FE0A9DE32DA607AB0027A354 /* Release */,
			);
			defaultConfigurationIsVisible = 0;
			defaultConfigurationName = Release;
		};
		FE0A9DE42DA607AB0027A354 /* Build configuration list for PBXNativeTarget "ProfileUITests" */ = {
			isa = XCConfigurationList;
			buildConfigurations = (
				FE0A9DE52DA607AB0027A354 /* Debug */,
				FE0A9DE62DA607AB0027A354 /* Release */,
			);
			defaultConfigurationIsVisible = 0;
			defaultConfigurationName = Release;
		};
/* End XCConfigurationList section */
	};
	rootObject = FE0A9DAB2DA607A90027A354 /* Project object */;
}
